
Microsoft Visual Studio Solution File, Format Version 12.00
# Visual Studio Version 17
VisualStudioVersion = 17.3.32929.385
MinimumVisualStudioVersion = 10.0.40219.1
Project("{FAE04EC0-301F-11D3-BF4B-00C04F79EFBC}") = "MemoryLeak.UWP", "MemoryLeak\MemoryLeak.UWP\MemoryLeak.UWP.csproj", "{779352DC-7883-426D-AFBB-4E49025E774F}"
EndProject
Project("{FAE04EC0-301F-11D3-BF4B-00C04F79EFBC}") = "MemoryLeak.Android", "MemoryLeak\MemoryLeak.Android\MemoryLeak.Android.csproj", "{074BB212-2C2D-4404-BFA9-2225ECFFFD7A}"
EndProject
Project("{FAE04EC0-301F-11D3-BF4B-00C04F79EFBC}") = "MemoryLeak.iOS", "MemoryLeak\MemoryLeak.iOS\MemoryLeak.iOS.csproj", "{7DDB5C3A-68D7-4724-A15F-B7F304210651}"
EndProject
Project("{FAE04EC0-301F-11D3-BF4B-00C04F79EFBC}") = "MemoryLeak", "MemoryLeak\MemoryLeak\MemoryLeak.csproj", "{C32DDBDB-4473-4F31-A273-42A2391DE3D9}"
EndProject
Global
	GlobalSection(SolutionConfigurationPlatforms) = preSolution
		Debug|Any CPU = Debug|Any CPU
		Debug|ARM = Debug|ARM
		Debug|iPhone = Debug|iPhone
		Debug|iPhoneSimulator = Debug|iPhoneSimulator
		Debug|x64 = Debug|x64
		Debug|x86 = Debug|x86
		Release|Any CPU = Release|Any CPU
		Release|ARM = Release|ARM
		Release|iPhone = Release|iPhone
		Release|iPhoneSimulator = Release|iPhoneSimulator
		Release|x64 = Release|x64
		Release|x86 = Release|x86
	EndGlobalSection
	GlobalSection(ProjectConfigurationPlatforms) = postSolution
		{779352DC-7883-426D-AFBB-4E49025E774F}.Debug|Any CPU.ActiveCfg = Debug|x64
		{779352DC-7883-426D-AFBB-4E49025E774F}.Debug|Any CPU.Build.0 = Debug|x64
		{779352DC-7883-426D-AFBB-4E49025E774F}.Debug|Any CPU.Deploy.0 = Debug|x64
		{779352DC-7883-426D-AFBB-4E49025E774F}.Debug|ARM.ActiveCfg = Debug|ARM
		{779352DC-7883-426D-AFBB-4E49025E774F}.Debug|ARM.Build.0 = Debug|ARM
		{779352DC-7883-426D-AFBB-4E49025E774F}.Debug|ARM.Deploy.0 = Debug|ARM
		{779352DC-7883-426D-AFBB-4E49025E774F}.Debug|iPhone.ActiveCfg = Debug|x64
		{779352DC-7883-426D-AFBB-4E49025E774F}.Debug|iPhone.Build.0 = Debug|x64
		{779352DC-7883-426D-AFBB-4E49025E774F}.Debug|iPhone.Deploy.0 = Debug|x64
		{779352DC-7883-426D-AFBB-4E49025E774F}.Debug|iPhoneSimulator.ActiveCfg = Debug|x64
		{779352DC-7883-426D-AFBB-4E49025E774F}.Debug|iPhoneSimulator.Build.0 = Debug|x64
		{779352DC-7883-426D-AFBB-4E49025E774F}.Debug|iPhoneSimulator.Deploy.0 = Debug|x64
		{779352DC-7883-426D-AFBB-4E49025E774F}.Debug|x64.ActiveCfg = Debug|x64
		{779352DC-7883-426D-AFBB-4E49025E774F}.Debug|x64.Build.0 = Debug|x64
		{779352DC-7883-426D-AFBB-4E49025E774F}.Debug|x64.Deploy.0 = Debug|x64
		{779352DC-7883-426D-AFBB-4E49025E774F}.Debug|x86.ActiveCfg = Debug|x86
		{779352DC-7883-426D-AFBB-4E49025E774F}.Debug|x86.Build.0 = Debug|x86
		{779352DC-7883-426D-AFBB-4E49025E774F}.Debug|x86.Deploy.0 = Debug|x86
		{779352DC-7883-426D-AFBB-4E49025E774F}.Release|Any CPU.ActiveCfg = Release|x64
		{779352DC-7883-426D-AFBB-4E49025E774F}.Release|Any CPU.Build.0 = Release|x64
		{779352DC-7883-426D-AFBB-4E49025E774F}.Release|Any CPU.Deploy.0 = Release|x64
		{779352DC-7883-426D-AFBB-4E49025E774F}.Release|ARM.ActiveCfg = Release|ARM
		{779352DC-7883-426D-AFBB-4E49025E774F}.Release|ARM.Build.0 = Release|ARM
		{779352DC-7883-426D-AFBB-4E49025E774F}.Release|ARM.Deploy.0 = Release|ARM
		{779352DC-7883-426D-AFBB-4E49025E774F}.Release|iPhone.ActiveCfg = Release|x64
		{779352DC-7883-426D-AFBB-4E49025E774F}.Release|iPhone.Build.0 = Release|x64
		{779352DC-7883-426D-AFBB-4E49025E774F}.Release|iPhone.Deploy.0 = Release|x64
		{779352DC-7883-426D-AFBB-4E49025E774F}.Release|iPhoneSimulator.ActiveCfg = Release|x64
		{779352DC-7883-426D-AFBB-4E49025E774F}.Release|iPhoneSimulator.Build.0 = Release|x64
		{779352DC-7883-426D-AFBB-4E49025E774F}.Release|iPhoneSimulator.Deploy.0 = Release|x64
		{779352DC-7883-426D-AFBB-4E49025E774F}.Release|x64.ActiveCfg = Release|x64
		{779352DC-7883-426D-AFBB-4E49025E774F}.Release|x64.Build.0 = Release|x64
		{779352DC-7883-426D-AFBB-4E49025E774F}.Release|x64.Deploy.0 = Release|x64
		{779352DC-7883-426D-AFBB-4E49025E774F}.Release|x86.ActiveCfg = Release|x86
		{779352DC-7883-426D-AFBB-4E49025E774F}.Release|x86.Build.0 = Release|x86
		{779352DC-7883-426D-AFBB-4E49025E774F}.Release|x86.Deploy.0 = Release|x86
		{074BB212-2C2D-4404-BFA9-2225ECFFFD7A}.Debug|Any CPU.ActiveCfg = Debug|Any CPU
		{074BB212-2C2D-4404-BFA9-2225ECFFFD7A}.Debug|Any CPU.Build.0 = Debug|Any CPU
		{074BB212-2C2D-4404-BFA9-2225ECFFFD7A}.Debug|Any CPU.Deploy.0 = Debug|Any CPU
		{074BB212-2C2D-4404-BFA9-2225ECFFFD7A}.Debug|ARM.ActiveCfg = Debug|Any CPU
		{074BB212-2C2D-4404-BFA9-2225ECFFFD7A}.Debug|ARM.Build.0 = Debug|Any CPU
		{074BB212-2C2D-4404-BFA9-2225ECFFFD7A}.Debug|ARM.Deploy.0 = Debug|Any CPU
		{074BB212-2C2D-4404-BFA9-2225ECFFFD7A}.Debug|iPhone.ActiveCfg = Debug|Any CPU
		{074BB212-2C2D-4404-BFA9-2225ECFFFD7A}.Debug|iPhone.Build.0 = Debug|Any CPU
		{074BB212-2C2D-4404-BFA9-2225ECFFFD7A}.Debug|iPhone.Deploy.0 = Debug|Any CPU
		{074BB212-2C2D-4404-BFA9-2225ECFFFD7A}.Debug|iPhoneSimulator.ActiveCfg = Debug|Any CPU
		{074BB212-2C2D-4404-BFA9-2225ECFFFD7A}.Debug|iPhoneSimulator.Build.0 = Debug|Any CPU
		{074BB212-2C2D-4404-BFA9-2225ECFFFD7A}.Debug|iPhoneSimulator.Deploy.0 = Debug|Any CPU
		{074BB212-2C2D-4404-BFA9-2225ECFFFD7A}.Debug|x64.ActiveCfg = Debug|Any CPU
		{074BB212-2C2D-4404-BFA9-2225ECFFFD7A}.Debug|x64.Build.0 = Debug|Any CPU
		{074BB212-2C2D-4404-BFA9-2225ECFFFD7A}.Debug|x64.Deploy.0 = Debug|Any CPU
		{074BB212-2C2D-4404-BFA9-2225ECFFFD7A}.Debug|x86.ActiveCfg = Debug|Any CPU
		{074BB212-2C2D-4404-BFA9-2225ECFFFD7A}.Debug|x86.Build.0 = Debug|Any CPU
		{074BB212-2C2D-4404-BFA9-2225ECFFFD7A}.Debug|x86.Deploy.0 = Debug|Any CPU
		{074BB212-2C2D-4404-BFA9-2225ECFFFD7A}.Release|Any CPU.ActiveCfg = Release|Any CPU
		{074BB212-2C2D-4404-BFA9-2225ECFFFD7A}.Release|Any CPU.Build.0 = Release|Any CPU
		{074BB212-2C2D-4404-BFA9-2225ECFFFD7A}.Release|Any CPU.Deploy.0 = Release|Any CPU
		{074BB212-2C2D-4404-BFA9-2225ECFFFD7A}.Release|ARM.ActiveCfg = Release|Any CPU
		{074BB212-2C2D-4404-BFA9-2225ECFFFD7A}.Release|ARM.Build.0 = Release|Any CPU
		{074BB212-2C2D-4404-BFA9-2225ECFFFD7A}.Release|ARM.Deploy.0 = Release|Any CPU
		{074BB212-2C2D-4404-BFA9-2225ECFFFD7A}.Release|iPhone.ActiveCfg = Release|Any CPU
		{074BB212-2C2D-4404-BFA9-2225ECFFFD7A}.Release|iPhone.Build.0 = Release|Any CPU
		{074BB212-2C2D-4404-BFA9-2225ECFFFD7A}.Release|iPhone.Deploy.0 = Release|Any CPU
		{074BB212-2C2D-4404-BFA9-2225ECFFFD7A}.Release|iPhoneSimulator.ActiveCfg = Release|Any CPU
		{074BB212-2C2D-4404-BFA9-2225ECFFFD7A}.Release|iPhoneSimulator.Build.0 = Release|Any CPU
		{074BB212-2C2D-4404-BFA9-2225ECFFFD7A}.Release|iPhoneSimulator.Deploy.0 = Release|Any CPU
		{074BB212-2C2D-4404-BFA9-2225ECFFFD7A}.Release|x64.ActiveCfg = Release|Any CPU
		{074BB212-2C2D-4404-BFA9-2225ECFFFD7A}.Release|x64.Build.0 = Release|Any CPU
		{074BB212-2C2D-4404-BFA9-2225ECFFFD7A}.Release|x64.Deploy.0 = Release|Any CPU
		{074BB212-2C2D-4404-BFA9-2225ECFFFD7A}.Release|x86.ActiveCfg = Release|Any CPU
		{074BB212-2C2D-4404-BFA9-2225ECFFFD7A}.Release|x86.Build.0 = Release|Any CPU
		{074BB212-2C2D-4404-BFA9-2225ECFFFD7A}.Release|x86.Deploy.0 = Release|Any CPU
		{7DDB5C3A-68D7-4724-A15F-B7F304210651}.Debug|Any CPU.ActiveCfg = Debug|iPhoneSimulator
		{7DDB5C3A-68D7-4724-A15F-B7F304210651}.Debug|Any CPU.Build.0 = Debug|iPhoneSimulator
		{7DDB5C3A-68D7-4724-A15F-B7F304210651}.Debug|Any CPU.Deploy.0 = Debug|iPhoneSimulator
		{7DDB5C3A-68D7-4724-A15F-B7F304210651}.Debug|ARM.ActiveCfg = Debug|iPhoneSimulator
		{7DDB5C3A-68D7-4724-A15F-B7F304210651}.Debug|ARM.Build.0 = Debug|iPhoneSimulator
		{7DDB5C3A-68D7-4724-A15F-B7F304210651}.Debug|ARM.Deploy.0 = Debug|iPhoneSimulator
		{7DDB5C3A-68D7-4724-A15F-B7F304210651}.Debug|iPhone.ActiveCfg = Debug|iPhone
		{7DDB5C3A-68D7-4724-A15F-B7F304210651}.Debug|iPhone.Build.0 = Debug|iPhone
		{7DDB5C3A-68D7-4724-A15F-B7F304210651}.Debug|iPhone.Deploy.0 = Debug|iPhone
		{7DDB5C3A-68D7-4724-A15F-B7F304210651}.Debug|iPhoneSimulator.ActiveCfg = Debug|iPhoneSimulator
		{7DDB5C3A-68D7-4724-A15F-B7F304210651}.Debug|iPhoneSimulator.Build.0 = Debug|iPhoneSimulator
		{7DDB5C3A-68D7-4724-A15F-B7F304210651}.Debug|iPhoneSimulator.Deploy.0 = Debug|iPhoneSimulator
		{7DDB5C3A-68D7-4724-A15F-B7F304210651}.Debug|x64.ActiveCfg = Debug|iPhone
		{7DDB5C3A-68D7-4724-A15F-B7F304210651}.Debug|x64.Build.0 = Debug|iPhone
		{7DDB5C3A-68D7-4724-A15F-B7F304210651}.Debug|x64.Deploy.0 = Debug|iPhone
		{7DDB5C3A-68D7-4724-A15F-B7F304210651}.Debug|x86.ActiveCfg = Debug|iPhoneSimulator
		{7DDB5C3A-68D7-4724-A15F-B7F304210651}.Debug|x86.Build.0 = Debug|iPhoneSimulator
		{7DDB5C3A-68D7-4724-A15F-B7F304210651}.Debug|x86.Deploy.0 = Debug|iPhoneSimulator
		{7DDB5C3A-68D7-4724-A15F-B7F304210651}.Release|Any CPU.ActiveCfg = Release|iPhoneSimulator
		{7DDB5C3A-68D7-4724-A15F-B7F304210651}.Release|Any CPU.Build.0 = Release|iPhoneSimulator
		{7DDB5C3A-68D7-4724-A15F-B7F304210651}.Release|Any CPU.Deploy.0 = Release|iPhoneSimulator
		{7DDB5C3A-68D7-4724-A15F-B7F304210651}.Release|ARM.ActiveCfg = Release|iPhoneSimulator
		{7DDB5C3A-68D7-4724-A15F-B7F304210651}.Release|ARM.Build.0 = Release|iPhoneSimulator
		{7DDB5C3A-68D7-4724-A15F-B7F304210651}.Release|ARM.Deploy.0 = Release|iPhoneSimulator
		{7DDB5C3A-68D7-4724-A15F-B7F304210651}.Release|iPhone.ActiveCfg = Release|iPhone
		{7DDB5C3A-68D7-4724-A15F-B7F304210651}.Release|iPhone.Build.0 = Release|iPhone
		{7DDB5C3A-68D7-4724-A15F-B7F304210651}.Release|iPhone.Deploy.0 = Release|iPhone
		{7DDB5C3A-68D7-4724-A15F-B7F304210651}.Release|iPhoneSimulator.ActiveCfg = Release|iPhoneSimulator
		{7DDB5C3A-68D7-4724-A15F-B7F304210651}.Release|iPhoneSimulator.Build.0 = Release|iPhoneSimulator
		{7DDB5C3A-68D7-4724-A15F-B7F304210651}.Release|iPhoneSimulator.Deploy.0 = Release|iPhoneSimulator
		{7DDB5C3A-68D7-4724-A15F-B7F304210651}.Release|x64.ActiveCfg = Release|iPhoneSimulator
		{7DDB5C3A-68D7-4724-A15F-B7F304210651}.Release|x64.Build.0 = Release|iPhoneSimulator
		{7DDB5C3A-68D7-4724-A15F-B7F304210651}.Release|x64.Deploy.0 = Release|iPhoneSimulator
		{7DDB5C3A-68D7-4724-A15F-B7F304210651}.Release|x86.ActiveCfg = Release|iPhoneSimulator
		{7DDB5C3A-68D7-4724-A15F-B7F304210651}.Release|x86.Build.0 = Release|iPhoneSimulator
		{7DDB5C3A-68D7-4724-A15F-B7F304210651}.Release|x86.Deploy.0 = Release|iPhoneSimulator
		{C32DDBDB-4473-4F31-A273-42A2391DE3D9}.Debug|Any CPU.ActiveCfg = Debug|Any CPU
		{C32DDBDB-4473-4F31-A273-42A2391DE3D9}.Debug|Any CPU.Build.0 = Debug|Any CPU
		{C32DDBDB-4473-4F31-A273-42A2391DE3D9}.Debug|Any CPU.Deploy.0 = Debug|Any CPU
		{C32DDBDB-4473-4F31-A273-42A2391DE3D9}.Debug|ARM.ActiveCfg = Debug|Any CPU
		{C32DDBDB-4473-4F31-A273-42A2391DE3D9}.Debug|ARM.Build.0 = Debug|Any CPU
		{C32DDBDB-4473-4F31-A273-42A2391DE3D9}.Debug|ARM.Deploy.0 = Debug|Any CPU
		{C32DDBDB-4473-4F31-A273-42A2391DE3D9}.Debug|iPhone.ActiveCfg = Debug|Any CPU
		{C32DDBDB-4473-4F31-A273-42A2391DE3D9}.Debug|iPhone.Build.0 = Debug|Any CPU
		{C32DDBDB-4473-4F31-A273-42A2391DE3D9}.Debug|iPhone.Deploy.0 = Debug|Any CPU
		{C32DDBDB-4473-4F31-A273-42A2391DE3D9}.Debug|iPhoneSimulator.ActiveCfg = Debug|Any CPU
		{C32DDBDB-4473-4F31-A273-42A2391DE3D9}.Debug|iPhoneSimulator.Build.0 = Debug|Any CPU
		{C32DDBDB-4473-4F31-A273-42A2391DE3D9}.Debug|iPhoneSimulator.Deploy.0 = Debug|Any CPU
		{C32DDBDB-4473-4F31-A273-42A2391DE3D9}.Debug|x64.ActiveCfg = Debug|Any CPU
		{C32DDBDB-4473-4F31-A273-42A2391DE3D9}.Debug|x64.Build.0 = Debug|Any CPU
		{C32DDBDB-4473-4F31-A273-42A2391DE3D9}.Debug|x64.Deploy.0 = Debug|Any CPU
		{C32DDBDB-4473-4F31-A273-42A2391DE3D9}.Debug|x86.ActiveCfg = Debug|Any CPU
		{C32DDBDB-4473-4F31-A273-42A2391DE3D9}.Debug|x86.Build.0 = Debug|Any CPU
		{C32DDBDB-4473-4F31-A273-42A2391DE3D9}.Debug|x86.Deploy.0 = Debug|Any CPU
		{C32DDBDB-4473-4F31-A273-42A2391DE3D9}.Release|Any CPU.ActiveCfg = Release|Any CPU
		{C32DDBDB-4473-4F31-A273-42A2391DE3D9}.Release|Any CPU.Build.0 = Release|Any CPU
		{C32DDBDB-4473-4F31-A273-42A2391DE3D9}.Release|Any CPU.Deploy.0 = Release|Any CPU
		{C32DDBDB-4473-4F31-A273-42A2391DE3D9}.Release|ARM.ActiveCfg = Release|Any CPU
		{C32DDBDB-4473-4F31-A273-42A2391DE3D9}.Release|ARM.Build.0 = Release|Any CPU
		{C32DDBDB-4473-4F31-A273-42A2391DE3D9}.Release|ARM.Deploy.0 = Release|Any CPU
		{C32DDBDB-4473-4F31-A273-42A2391DE3D9}.Release|iPhone.ActiveCfg = Release|Any CPU
		{C32DDBDB-4473-4F31-A273-42A2391DE3D9}.Release|iPhone.Build.0 = Release|Any CPU
		{C32DDBDB-4473-4F31-A273-42A2391DE3D9}.Release|iPhone.Deploy.0 = Release|Any CPU
		{C32DDBDB-4473-4F31-A273-42A2391DE3D9}.Release|iPhoneSimulator.ActiveCfg = Release|Any CPU
		{C32DDBDB-4473-4F31-A273-42A2391DE3D9}.Release|iPhoneSimulator.Build.0 = Release|Any CPU
		{C32DDBDB-4473-4F31-A273-42A2391DE3D9}.Release|iPhoneSimulator.Deploy.0 = Release|Any CPU
		{C32DDBDB-4473-4F31-A273-42A2391DE3D9}.Release|x64.ActiveCfg = Release|Any CPU
		{C32DDBDB-4473-4F31-A273-42A2391DE3D9}.Release|x64.Build.0 = Release|Any CPU
		{C32DDBDB-4473-4F31-A273-42A2391DE3D9}.Release|x64.Deploy.0 = Release|Any CPU
		{C32DDBDB-4473-4F31-A273-42A2391DE3D9}.Release|x86.ActiveCfg = Release|Any CPU
		{C32DDBDB-4473-4F31-A273-42A2391DE3D9}.Release|x86.Build.0 = Release|Any CPU
		{C32DDBDB-4473-4F31-A273-42A2391DE3D9}.Release|x86.Deploy.0 = Release|Any CPU
	EndGlobalSection
	GlobalSection(SolutionProperties) = preSolution
		HideSolutionNode = FALSE
	EndGlobalSection
	GlobalSection(ExtensibilityGlobals) = postSolution
		SolutionGuid = {EE62F548-3281-4BD3-B21A-87C7E56786F4}
	EndGlobalSection
EndGlobal
